<?xml version="1.0" encoding="utf-8"?>
<Project ToolsVersion="4.0" xmlns="http://schemas.microsoft.com/developer/msbuild/2003">
  <ItemGroup>
    <Filter Include="Source Files">
      <UniqueIdentifier>{4FC737F1-C7A5-4376-A066-2A32D752A2FF}</UniqueIdentifier>
      <Extensions>cpp;c;cc;cxx;c++;cppm;ixx;def;odl;idl;hpj;bat;asm;asmx</Extensions>
    </Filter>
    <Filter Include="Header Files">
      <UniqueIdentifier>{93995380-89BD-4b04-88EB-625FBE52EBFB}</UniqueIdentifier>
      <Extensions>h;hh;hpp;hxx;h++;hm;inl;inc;ipp;xsd</Extensions>
    </Filter>
    <Filter Include="Resource Files">
      <UniqueIdentifier>{67DA6AB6-F800-4c08-8B7A-83BB121AAD01}</UniqueIdentifier>
      <Extensions>rc;ico;cur;bmp;dlg;rc2;rct;bin;rgs;gif;jpg;jpeg;jpe;resx;tiff;tif;png;wav;mfcribbon-ms</Extensions>
    </Filter>
    <Filter Include="Header Files\Tile/Entity Related">
      <UniqueIdentifier>{ac77ea1a-f6ce-4f84-be40-898a1f363f6c}</UniqueIdentifier>
    </Filter>
    <Filter Include="Header Files\Utils">
      <UniqueIdentifier>{8938e4c6-ced9-4b6a-83db-e7fb88df3564}</UniqueIdentifier>
    </Filter>
    <Filter Include="Source Files\Tile/Entity Related">
      <UniqueIdentifier>{772e5420-601e-4195-a37a-dcd9a4790ec3}</UniqueIdentifier>
    </Filter>
    <Filter Include="Shaders">
      <UniqueIdentifier>{c69e26bf-55c9-4ea3-8bf7-e05d30333106}</UniqueIdentifier>
    </Filter>
    <Filter Include="Shaders\Fragment Shaders">
      <UniqueIdentifier>{4d60c6af-b6ad-4878-9f41-addd9743c293}</UniqueIdentifier>
    </Filter>
    <Filter Include="Shaders\Vertex Shaders">
      <UniqueIdentifier>{abac878b-50c2-4074-a061-79724252e9e6}</UniqueIdentifier>
    </Filter>
    <Filter Include="Source Files\Game Updates">
      <UniqueIdentifier>{a19b9057-c081-4958-aa9d-a9d10e46ce5e}</UniqueIdentifier>
    </Filter>
    <Filter Include="Source Files\Rendering">
      <UniqueIdentifier>{d88241da-33fe-4d03-ab07-ffbc3e86bb73}</UniqueIdentifier>
    </Filter>
    <Filter Include="Header Files\Game Updates">
      <UniqueIdentifier>{3c792938-b9c1-4821-82f9-0229c0ded4be}</UniqueIdentifier>
    </Filter>
    <Filter Include="Header Files\Rendering">
      <UniqueIdentifier>{7f032046-e35f-49fb-bf11-eba8674f4912}</UniqueIdentifier>
    </Filter>
  </ItemGroup>
  <ItemGroup>
    <ClCompile Include="main.cpp">
      <Filter>Source Files</Filter>
    </ClCompile>
    <ClCompile Include="resourceloader.cpp">
      <Filter>Source Files\Rendering</Filter>
    </ClCompile>
    <ClCompile Include="gamewindow.cpp">
      <Filter>Source Files\Rendering</Filter>
    </ClCompile>
    <ClCompile Include="world.cpp">
      <Filter>Source Files\Tile/Entity Related</Filter>
    </ClCompile>
    <ClCompile Include="tile.cpp">
      <Filter>Source Files\Tile/Entity Related</Filter>
    </ClCompile>
    <ClCompile Include="entity.cpp">
      <Filter>Source Files\Tile/Entity Related</Filter>
    </ClCompile>
    <ClCompile Include="chunk.cpp">
      <Filter>Source Files\Tile/Entity Related</Filter>
    </ClCompile>
    <ClCompile Include="spritesheet.cpp">
      <Filter>Source Files\Rendering</Filter>
    </ClCompile>
    <ClCompile Include="shader.cpp">
      <Filter>Source Files\Rendering</Filter>
    </ClCompile>
    <ClCompile Include="gamerenderer.cpp">
      <Filter>Source Files\Rendering</Filter>
    </ClCompile>
    <ClCompile Include="inputhandler.cpp">
      <Filter>Source Files\Game Updates</Filter>
    </ClCompile>
    <ClCompile Include="timestepper.cpp">
      <Filter>Source Files\Game Updates</Filter>
    </ClCompile>
    <ClCompile Include="lighting.cpp">
      <Filter>Source Files\Rendering</Filter>
    </ClCompile>
    <ClCompile Include="lightingsolver.cpp">
      <Filter>Source Files\Rendering</Filter>
    </ClCompile>
    <ClCompile Include="pixmap.cpp">
      <Filter>Source Files\Rendering</Filter>
    </ClCompile>
    <ClCompile Include="texture.cpp">
      <Filter>Source Files\Rendering</Filter>
    </ClCompile>
    <ClCompile Include="camera.cpp">
      <Filter>Source Files\Rendering</Filter>
    </ClCompile>
  </ItemGroup>
  <ItemGroup>
    <ClInclude Include="Chunk.hpp">
      <Filter>Header Files\Tile/Entity Related</Filter>
    </ClInclude>
    <ClInclude Include="Entity.hpp">
      <Filter>Header Files\Tile/Entity Related</Filter>
    </ClInclude>
    <ClInclude Include="Tile.hpp">
      <Filter>Header Files\Tile/Entity Related</Filter>
    </ClInclude>
    <ClInclude Include="World.hpp">
      <Filter>Header Files\Tile/Entity Related</Filter>
    </ClInclude>
    <ClInclude Include="utils.hpp">
      <Filter>Header Files\Utils</Filter>
    </ClInclude>
    <ClInclude Include="GameWindow.hpp">
      <Filter>Header Files\Rendering</Filter>
    </ClInclude>
    <ClInclude Include="ResourceLoader.hpp">
      <Filter>Header Files\Rendering</Filter>
    </ClInclude>
    <ClInclude Include="stb_image.h">
      <Filter>Header Files\Utils</Filter>
    </ClInclude>
    <ClInclude Include="SpriteSheet.hpp">
      <Filter>Header Files\Rendering</Filter>
    </ClInclude>
    <ClInclude Include="GameConstants.hpp">
      <Filter>Header Files\Utils</Filter>
    </ClInclude>
    <ClInclude Include="GameAssets.hpp">
      <Filter>Header Files\Rendering</Filter>
    </ClInclude>
    <ClInclude Include="Shader.hpp">
      <Filter>Header Files\Rendering</Filter>
    </ClInclude>
    <ClInclude Include="GameRenderer.hpp">
      <Filter>Header Files\Rendering</Filter>
    </ClInclude>
    <ClInclude Include="Camera.hpp">
      <Filter>Header Files\Rendering</Filter>
    </ClInclude>
    <ClInclude Include="InputHandler.hpp">
      <Filter>Header Files\Game Updates</Filter>
    </ClInclude>
    <ClInclude Include="Timestepper.hpp">
      <Filter>Header Files\Game Updates</Filter>
    </ClInclude>
    <ClInclude Include="Lighting.hpp">
      <Filter>Header Files\Rendering</Filter>
    </ClInclude>
    <ClInclude Include="LightingSolver.hpp">
      <Filter>Header Files\Rendering</Filter>
    </ClInclude>
    <ClInclude Include="Pixmap.hpp">
      <Filter>Header Files\Rendering</Filter>
    </ClInclude>
    <ClInclude Include="Array2D.hpp">
      <Filter>Header Files\Utils</Filter>
    </ClInclude>
    <ClInclude Include="Texture.hpp">
      <Filter>Header Files\Rendering</Filter>
    </ClInclude>
    <ClInclude Include="Mesh.hpp">
      <Filter>Header Files\Rendering</Filter>
    </ClInclude>
    <ClInclude Include="json.hpp">
      <Filter>Header Files\Utils</Filter>
    </ClInclude>
  </ItemGroup>
  <ItemGroup>
    <None Include="Shaders\ImageFS.glsl">
      <Filter>Shaders\Fragment Shaders</Filter>
    </None>
    <None Include="Shaders\ImageVS.glsl">
      <Filter>Shaders\Vertex Shaders</Filter>
    </None>
    <None Include="Shaders\LightingFS.glsl">
      <Filter>Shaders\Fragment Shaders</Filter>
    </None>
    <None Include="Shaders\LightingVS.glsl">
      <Filter>Shaders\Vertex Shaders</Filter>
    </None>
    <None Include="Shaders\TileVS.glsl">
      <Filter>Shaders\Vertex Shaders</Filter>
    </None>
    <None Include="Shaders\TileFS.glsl">
      <Filter>Shaders\Fragment Shaders</Filter>
    </None>
  </ItemGroup>
  <ItemGroup>
    <Text Include="TODO.txt" />
    <Text Include="randomthings.txt" />
  </ItemGroup>
</Project>